
Microsoft Visual Studio Solution File, Format Version 12.00
# Visual Studio 15
VisualStudioVersion = 15.0.28307.329
MinimumVisualStudioVersion = 10.0.40219.1
Project("{888888A0-9F3D-457C-B088-3A5042F75D52}") = "BridgeServ", "BridgeServ.pyproj", "{AC730B52-4A07-4093-B8AA-8408F0DC2F23}"
EndProject
Global
	GlobalSection(SolutionConfigurationPlatforms) = preSolution
		Debug|Any CPU = Debug|Any CPU
		Release|Any CPU = Release|Any CPU
	EndGlobalSection
	GlobalSection(ProjectConfigurationPlatforms) = postSolution
		{AC730B52-4A07-4093-B8AA-8408F0DC2F23}.Debug|Any CPU.ActiveCfg = Debug|Any CPU
		{AC730B52-4A07-4093-B8AA-8408F0DC2F23}.Release|Any CPU.ActiveCfg = Release|Any CPU
	EndGlobalSection
	GlobalSection(SolutionProperties) = preSolution
		HideSolutionNode = FALSE
	EndGlobalSection
	GlobalSection(ExtensibilityGlobals) = postSolution
		SolutionGuid = {55354E66-0A12-41E3-8C45-11A53C5D2F1B}
	EndGlobalSection
EndGlobal
